
Microsoft Visual Studio Solution File, Format Version 12.00
# Visual Studio Version 17
VisualStudioVersion = 17.9.34723.18
MinimumVisualStudioVersion = 10.0.40219.1
Project("{FAE04EC0-301F-11D3-BF4B-00C04F79EFBC}") = "first_real_try", "first_real_try\first_real_try.csproj", "{91913217-1CAC-43C9-BF35-A6C70B34BE0E}"
EndProject
Global
	GlobalSection(SolutionConfigurationPlatforms) = preSolution
		Debug|Any CPU = Debug|Any CPU
		Release|Any CPU = Release|Any CPU
	EndGlobalSection
	GlobalSection(ProjectConfigurationPlatforms) = postSolution
		{91913217-1CAC-43C9-BF35-A6C70B34BE0E}.Debug|Any CPU.ActiveCfg = Debug|Any CPU
		{91913217-1CAC-43C9-BF35-A6C70B34BE0E}.Debug|Any CPU.Build.0 = Debug|Any CPU
		{91913217-1CAC-43C9-BF35-A6C70B34BE0E}.Release|Any CPU.ActiveCfg = Release|Any CPU
		{91913217-1CAC-43C9-BF35-A6C70B34BE0E}.Release|Any CPU.Build.0 = Release|Any CPU
	EndGlobalSection
	GlobalSection(SolutionProperties) = preSolution
		HideSolutionNode = FALSE
	EndGlobalSection
	GlobalSection(ExtensibilityGlobals) = postSolution
		SolutionGuid = {5C167679-678D-4D33-A4DD-8627C99C6466}
	EndGlobalSection
EndGlobal
